
Microsoft Visual Studio Solution File, Format Version 12.00
# Visual Studio Version 17
VisualStudioVersion = 17.1.32414.318
MinimumVisualStudioVersion = 10.0.40219.1
Project("{FAE04EC0-301F-11D3-BF4B-00C04F79EFBC}") = "waIndustriaHuitzil", "waIndustriaHuitzil.csproj", "{CA56A738-30CA-465D-A5FA-BAA20EE63D04}"
EndProject
Global
	GlobalSection(SolutionConfigurationPlatforms) = preSolution
		Debug|Any CPU = Debug|Any CPU
		Release|Any CPU = Release|Any CPU
	EndGlobalSection
	GlobalSection(ProjectConfigurationPlatforms) = postSolution
		{CA56A738-30CA-465D-A5FA-BAA20EE63D04}.Debug|Any CPU.ActiveCfg = Debug|Any CPU
		{CA56A738-30CA-465D-A5FA-BAA20EE63D04}.Debug|Any CPU.Build.0 = Debug|Any CPU
		{CA56A738-30CA-465D-A5FA-BAA20EE63D04}.Release|Any CPU.ActiveCfg = Release|Any CPU
		{CA56A738-30CA-465D-A5FA-BAA20EE63D04}.Release|Any CPU.Build.0 = Release|Any CPU
	EndGlobalSection
	GlobalSection(SolutionProperties) = preSolution
		HideSolutionNode = FALSE
	EndGlobalSection
	GlobalSection(ExtensibilityGlobals) = postSolution
		SolutionGuid = {73AF911F-26E5-4097-B6C1-A8077B2BF78E}
	EndGlobalSection
EndGlobal
